// !$*UTF8*$!
{
	archiveVersion = 1;
	classes = {
	};
	objectVersion = 51;
	objects = {

/* Begin PBXBuildFile section */
		202B5AEDE570DE48CCE26066 /* Pods_FBUProject_FBUProjectUITests.framework in Frameworks */ = {isa = PBXBuildFile; fileRef = 4AD6DE211F30CEC0DA7B4D8A /* Pods_FBUProject_FBUProjectUITests.framework */; };
		AC83A820BAFB578E60CEAAF6 /* Pods_FBUProjectTests.framework in Frameworks */ = {isa = PBXBuildFile; fileRef = 52073665FB9FB534B73C2C89 /* Pods_FBUProjectTests.framework */; };
		C7662F188BA509AD33C02595 /* Pods_FBUProject.framework in Frameworks */ = {isa = PBXBuildFile; fileRef = 98B8AEAEA75278B4558BBFBF /* Pods_FBUProject.framework */; };
		DE4B96AB26A235EA006099A8 /* NewReminderViewController.m in Sources */ = {isa = PBXBuildFile; fileRef = DE4B96AA26A235EA006099A8 /* NewReminderViewController.m */; };
		DE6009D2269F766300CE21EA /* ReminderNotificationManager.m in Sources */ = {isa = PBXBuildFile; fileRef = DE6009D1269F766300CE21EA /* ReminderNotificationManager.m */; };
		DE6009D5269F778000CE21EA /* Reminder.m in Sources */ = {isa = PBXBuildFile; fileRef = DE6009D4269F778000CE21EA /* Reminder.m */; };
		DE6009D8269F7B3900CE21EA /* ReminderCell.m in Sources */ = {isa = PBXBuildFile; fileRef = DE6009D7269F7B3900CE21EA /* ReminderCell.m */; };
		DE7FE023269F973F00B83F0F /* MapViewController.m in Sources */ = {isa = PBXBuildFile; fileRef = DE7FE022269F973F00B83F0F /* MapViewController.m */; };
		DE82EF6D26A208AA00587096 /* SignUpViewController.m in Sources */ = {isa = PBXBuildFile; fileRef = DE82EF6C26A208AA00587096 /* SignUpViewController.m */; };
		DECCBF99269F4DEC00C20B68 /* RemindersViewController.m in Sources */ = {isa = PBXBuildFile; fileRef = DECCBF98269F4DEC00C20B68 /* RemindersViewController.m */; };
		DEDA790826A5EB9200A4F72B /* CheckoutViewController.m in Sources */ = {isa = PBXBuildFile; fileRef = DEDA790726A5EB9200A4F72B /* CheckoutViewController.m */; };
		DEDA790B26A5EEA400A4F72B /* ShoppingCell.m in Sources */ = {isa = PBXBuildFile; fileRef = DEDA790A26A5EEA400A4F72B /* ShoppingCell.m */; };
		DEFAFA55269CD7A900BEC4BF /* PrescriptionsViewController.m in Sources */ = {isa = PBXBuildFile; fileRef = DEFAFA54269CD7A900BEC4BF /* PrescriptionsViewController.m */; };
		DEFAFA58269CD7BD00BEC4BF /* ProfileViewController.m in Sources */ = {isa = PBXBuildFile; fileRef = DEFAFA57269CD7BD00BEC4BF /* ProfileViewController.m */; };
		DEFAFA5B269CDA1600BEC4BF /* LoginViewController.m in Sources */ = {isa = PBXBuildFile; fileRef = DEFAFA5A269CDA1600BEC4BF /* LoginViewController.m */; };
		DEFAFA5D269CDB4900BEC4BF /* Key.plist in Resources */ = {isa = PBXBuildFile; fileRef = DEFAFA5C269CDB4900BEC4BF /* Key.plist */; };
		DEFAFA62269CE42600BEC4BF /* PrescriptionCell.m in Sources */ = {isa = PBXBuildFile; fileRef = DEFAFA61269CE42600BEC4BF /* PrescriptionCell.m */; };
		DEFAFA65269CF30000BEC4BF /* Prescription.m in Sources */ = {isa = PBXBuildFile; fileRef = DEFAFA64269CF30000BEC4BF /* Prescription.m */; };
		DEFE0957269C9E6D00EAF59E /* AppDelegate.m in Sources */ = {isa = PBXBuildFile; fileRef = DEFE0956269C9E6D00EAF59E /* AppDelegate.m */; };
		DEFE095A269C9E6D00EAF59E /* SceneDelegate.m in Sources */ = {isa = PBXBuildFile; fileRef = DEFE0959269C9E6D00EAF59E /* SceneDelegate.m */; };
		DEFE0960269C9E6D00EAF59E /* Main.storyboard in Resources */ = {isa = PBXBuildFile; fileRef = DEFE095E269C9E6D00EAF59E /* Main.storyboard */; };
		DEFE0962269C9E6E00EAF59E /* Assets.xcassets in Resources */ = {isa = PBXBuildFile; fileRef = DEFE0961269C9E6E00EAF59E /* Assets.xcassets */; };
		DEFE0965269C9E6E00EAF59E /* LaunchScreen.storyboard in Resources */ = {isa = PBXBuildFile; fileRef = DEFE0963269C9E6E00EAF59E /* LaunchScreen.storyboard */; };
		DEFE0968269C9E6E00EAF59E /* main.m in Sources */ = {isa = PBXBuildFile; fileRef = DEFE0967269C9E6E00EAF59E /* main.m */; };
		DEFE0972269C9E6E00EAF59E /* FBUProjectTests.m in Sources */ = {isa = PBXBuildFile; fileRef = DEFE0971269C9E6E00EAF59E /* FBUProjectTests.m */; };
		DEFE097D269C9E6E00EAF59E /* FBUProjectUITests.m in Sources */ = {isa = PBXBuildFile; fileRef = DEFE097C269C9E6E00EAF59E /* FBUProjectUITests.m */; };
/* End PBXBuildFile section */

/* Begin PBXContainerItemProxy section */
		DEFE096E269C9E6E00EAF59E /* PBXContainerItemProxy */ = {
			isa = PBXContainerItemProxy;
			containerPortal = DEFE094A269C9E6D00EAF59E /* Project object */;
			proxyType = 1;
			remoteGlobalIDString = DEFE0951269C9E6D00EAF59E;
			remoteInfo = FBUProject;
		};
		DEFE0979269C9E6E00EAF59E /* PBXContainerItemProxy */ = {
			isa = PBXContainerItemProxy;
			containerPortal = DEFE094A269C9E6D00EAF59E /* Project object */;
			proxyType = 1;
			remoteGlobalIDString = DEFE0951269C9E6D00EAF59E;
			remoteInfo = FBUProject;
		};
/* End PBXContainerItemProxy section */

/* Begin PBXFileReference section */
		01320B16858B4CF861C27FFB /* Pods-FBUProject-FBUProjectUITests.release.xcconfig */ = {isa = PBXFileReference; includeInIndex = 1; lastKnownFileType = text.xcconfig; name = "Pods-FBUProject-FBUProjectUITests.release.xcconfig"; path = "Target Support Files/Pods-FBUProject-FBUProjectUITests/Pods-FBUProject-FBUProjectUITests.release.xcconfig"; sourceTree = "<group>"; };
		37DA328703B6BACC9389B348 /* Pods-FBUProject-FBUProjectUITests.debug.xcconfig */ = {isa = PBXFileReference; includeInIndex = 1; lastKnownFileType = text.xcconfig; name = "Pods-FBUProject-FBUProjectUITests.debug.xcconfig"; path = "Target Support Files/Pods-FBUProject-FBUProjectUITests/Pods-FBUProject-FBUProjectUITests.debug.xcconfig"; sourceTree = "<group>"; };
		3B3AD8E63651154F31AE510A /* Pods-FBUProject.release.xcconfig */ = {isa = PBXFileReference; includeInIndex = 1; lastKnownFileType = text.xcconfig; name = "Pods-FBUProject.release.xcconfig"; path = "Target Support Files/Pods-FBUProject/Pods-FBUProject.release.xcconfig"; sourceTree = "<group>"; };
		4AD6DE211F30CEC0DA7B4D8A /* Pods_FBUProject_FBUProjectUITests.framework */ = {isa = PBXFileReference; explicitFileType = wrapper.framework; includeInIndex = 0; path = Pods_FBUProject_FBUProjectUITests.framework; sourceTree = BUILT_PRODUCTS_DIR; };
		52073665FB9FB534B73C2C89 /* Pods_FBUProjectTests.framework */ = {isa = PBXFileReference; explicitFileType = wrapper.framework; includeInIndex = 0; path = Pods_FBUProjectTests.framework; sourceTree = BUILT_PRODUCTS_DIR; };
		565A7A563585D010E2DBF090 /* Pods-FBUProjectTests.release.xcconfig */ = {isa = PBXFileReference; includeInIndex = 1; lastKnownFileType = text.xcconfig; name = "Pods-FBUProjectTests.release.xcconfig"; path = "Target Support Files/Pods-FBUProjectTests/Pods-FBUProjectTests.release.xcconfig"; sourceTree = "<group>"; };
		98B8AEAEA75278B4558BBFBF /* Pods_FBUProject.framework */ = {isa = PBXFileReference; explicitFileType = wrapper.framework; includeInIndex = 0; path = Pods_FBUProject.framework; sourceTree = BUILT_PRODUCTS_DIR; };
		C3DCEC82A85363DA5A9E0D9F /* Pods-FBUProjectTests.debug.xcconfig */ = {isa = PBXFileReference; includeInIndex = 1; lastKnownFileType = text.xcconfig; name = "Pods-FBUProjectTests.debug.xcconfig"; path = "Target Support Files/Pods-FBUProjectTests/Pods-FBUProjectTests.debug.xcconfig"; sourceTree = "<group>"; };
		C42742C4C834375D0A7DB798 /* Pods-FBUProject.debug.xcconfig */ = {isa = PBXFileReference; includeInIndex = 1; lastKnownFileType = text.xcconfig; name = "Pods-FBUProject.debug.xcconfig"; path = "Target Support Files/Pods-FBUProject/Pods-FBUProject.debug.xcconfig"; sourceTree = "<group>"; };
		DE4B96A926A235EA006099A8 /* NewReminderViewController.h */ = {isa = PBXFileReference; lastKnownFileType = sourcecode.c.h; path = NewReminderViewController.h; sourceTree = "<group>"; };
		DE4B96AA26A235EA006099A8 /* NewReminderViewController.m */ = {isa = PBXFileReference; lastKnownFileType = sourcecode.c.objc; path = NewReminderViewController.m; sourceTree = "<group>"; };
		DE6009D0269F766200CE21EA /* ReminderNotificationManager.h */ = {isa = PBXFileReference; lastKnownFileType = sourcecode.c.h; path = ReminderNotificationManager.h; sourceTree = "<group>"; };
		DE6009D1269F766300CE21EA /* ReminderNotificationManager.m */ = {isa = PBXFileReference; lastKnownFileType = sourcecode.c.objc; path = ReminderNotificationManager.m; sourceTree = "<group>"; };
		DE6009D3269F778000CE21EA /* Reminder.h */ = {isa = PBXFileReference; lastKnownFileType = sourcecode.c.h; path = Reminder.h; sourceTree = "<group>"; };
		DE6009D4269F778000CE21EA /* Reminder.m */ = {isa = PBXFileReference; lastKnownFileType = sourcecode.c.objc; path = Reminder.m; sourceTree = "<group>"; };
		DE6009D6269F7B3900CE21EA /* ReminderCell.h */ = {isa = PBXFileReference; lastKnownFileType = sourcecode.c.h; path = ReminderCell.h; sourceTree = "<group>"; };
		DE6009D7269F7B3900CE21EA /* ReminderCell.m */ = {isa = PBXFileReference; lastKnownFileType = sourcecode.c.objc; path = ReminderCell.m; sourceTree = "<group>"; };
		DE7FE021269F973F00B83F0F /* MapViewController.h */ = {isa = PBXFileReference; lastKnownFileType = sourcecode.c.h; path = MapViewController.h; sourceTree = "<group>"; };
		DE7FE022269F973F00B83F0F /* MapViewController.m */ = {isa = PBXFileReference; lastKnownFileType = sourcecode.c.objc; path = MapViewController.m; sourceTree = "<group>"; };
		DE82EF6B26A208AA00587096 /* SignUpViewController.h */ = {isa = PBXFileReference; lastKnownFileType = sourcecode.c.h; path = SignUpViewController.h; sourceTree = "<group>"; };
		DE82EF6C26A208AA00587096 /* SignUpViewController.m */ = {isa = PBXFileReference; lastKnownFileType = sourcecode.c.objc; path = SignUpViewController.m; sourceTree = "<group>"; };
		DECCBF97269F4DEC00C20B68 /* RemindersViewController.h */ = {isa = PBXFileReference; lastKnownFileType = sourcecode.c.h; path = RemindersViewController.h; sourceTree = "<group>"; };
		DECCBF98269F4DEC00C20B68 /* RemindersViewController.m */ = {isa = PBXFileReference; lastKnownFileType = sourcecode.c.objc; path = RemindersViewController.m; sourceTree = "<group>"; };
		DEDA790626A5EB9200A4F72B /* CheckoutViewController.h */ = {isa = PBXFileReference; lastKnownFileType = sourcecode.c.h; path = CheckoutViewController.h; sourceTree = "<group>"; };
		DEDA790726A5EB9200A4F72B /* CheckoutViewController.m */ = {isa = PBXFileReference; lastKnownFileType = sourcecode.c.objc; path = CheckoutViewController.m; sourceTree = "<group>"; };
		DEDA790926A5EEA400A4F72B /* ShoppingCell.h */ = {isa = PBXFileReference; lastKnownFileType = sourcecode.c.h; path = ShoppingCell.h; sourceTree = "<group>"; };
		DEDA790A26A5EEA400A4F72B /* ShoppingCell.m */ = {isa = PBXFileReference; lastKnownFileType = sourcecode.c.objc; path = ShoppingCell.m; sourceTree = "<group>"; };
		DEFAFA53269CD7A900BEC4BF /* PrescriptionsViewController.h */ = {isa = PBXFileReference; lastKnownFileType = sourcecode.c.h; path = PrescriptionsViewController.h; sourceTree = "<group>"; };
		DEFAFA54269CD7A900BEC4BF /* PrescriptionsViewController.m */ = {isa = PBXFileReference; lastKnownFileType = sourcecode.c.objc; path = PrescriptionsViewController.m; sourceTree = "<group>"; };
		DEFAFA56269CD7BD00BEC4BF /* ProfileViewController.h */ = {isa = PBXFileReference; lastKnownFileType = sourcecode.c.h; path = ProfileViewController.h; sourceTree = "<group>"; };
		DEFAFA57269CD7BD00BEC4BF /* ProfileViewController.m */ = {isa = PBXFileReference; lastKnownFileType = sourcecode.c.objc; path = ProfileViewController.m; sourceTree = "<group>"; };
		DEFAFA59269CDA1600BEC4BF /* LoginViewController.h */ = {isa = PBXFileReference; lastKnownFileType = sourcecode.c.h; path = LoginViewController.h; sourceTree = "<group>"; };
		DEFAFA5A269CDA1600BEC4BF /* LoginViewController.m */ = {isa = PBXFileReference; lastKnownFileType = sourcecode.c.objc; path = LoginViewController.m; sourceTree = "<group>"; };
		DEFAFA5C269CDB4900BEC4BF /* Key.plist */ = {isa = PBXFileReference; lastKnownFileType = text.plist.xml; path = Key.plist; sourceTree = "<group>"; };
		DEFAFA60269CE42600BEC4BF /* PrescriptionCell.h */ = {isa = PBXFileReference; lastKnownFileType = sourcecode.c.h; path = PrescriptionCell.h; sourceTree = "<group>"; };
		DEFAFA61269CE42600BEC4BF /* PrescriptionCell.m */ = {isa = PBXFileReference; lastKnownFileType = sourcecode.c.objc; path = PrescriptionCell.m; sourceTree = "<group>"; };
		DEFAFA63269CF30000BEC4BF /* Prescription.h */ = {isa = PBXFileReference; lastKnownFileType = sourcecode.c.h; path = Prescription.h; sourceTree = "<group>"; };
		DEFAFA64269CF30000BEC4BF /* Prescription.m */ = {isa = PBXFileReference; lastKnownFileType = sourcecode.c.objc; path = Prescription.m; sourceTree = "<group>"; };
		DEFE0952269C9E6D00EAF59E /* FBUProject.app */ = {isa = PBXFileReference; explicitFileType = wrapper.application; includeInIndex = 0; path = FBUProject.app; sourceTree = BUILT_PRODUCTS_DIR; };
		DEFE0955269C9E6D00EAF59E /* AppDelegate.h */ = {isa = PBXFileReference; lastKnownFileType = sourcecode.c.h; path = AppDelegate.h; sourceTree = "<group>"; };
		DEFE0956269C9E6D00EAF59E /* AppDelegate.m */ = {isa = PBXFileReference; lastKnownFileType = sourcecode.c.objc; path = AppDelegate.m; sourceTree = "<group>"; };
		DEFE0958269C9E6D00EAF59E /* SceneDelegate.h */ = {isa = PBXFileReference; lastKnownFileType = sourcecode.c.h; path = SceneDelegate.h; sourceTree = "<group>"; };
		DEFE0959269C9E6D00EAF59E /* SceneDelegate.m */ = {isa = PBXFileReference; lastKnownFileType = sourcecode.c.objc; path = SceneDelegate.m; sourceTree = "<group>"; };
		DEFE095F269C9E6D00EAF59E /* Base */ = {isa = PBXFileReference; lastKnownFileType = file.storyboard; name = Base; path = Base.lproj/Main.storyboard; sourceTree = "<group>"; };
		DEFE0961269C9E6E00EAF59E /* Assets.xcassets */ = {isa = PBXFileReference; lastKnownFileType = folder.assetcatalog; path = Assets.xcassets; sourceTree = "<group>"; };
		DEFE0964269C9E6E00EAF59E /* Base */ = {isa = PBXFileReference; lastKnownFileType = file.storyboard; name = Base; path = Base.lproj/LaunchScreen.storyboard; sourceTree = "<group>"; };
		DEFE0966269C9E6E00EAF59E /* Info.plist */ = {isa = PBXFileReference; lastKnownFileType = text.plist.xml; path = Info.plist; sourceTree = "<group>"; };
		DEFE0967269C9E6E00EAF59E /* main.m */ = {isa = PBXFileReference; lastKnownFileType = sourcecode.c.objc; path = main.m; sourceTree = "<group>"; };
		DEFE096D269C9E6E00EAF59E /* FBUProjectTests.xctest */ = {isa = PBXFileReference; explicitFileType = wrapper.cfbundle; includeInIndex = 0; path = FBUProjectTests.xctest; sourceTree = BUILT_PRODUCTS_DIR; };
		DEFE0971269C9E6E00EAF59E /* FBUProjectTests.m */ = {isa = PBXFileReference; lastKnownFileType = sourcecode.c.objc; path = FBUProjectTests.m; sourceTree = "<group>"; };
		DEFE0973269C9E6E00EAF59E /* Info.plist */ = {isa = PBXFileReference; lastKnownFileType = text.plist.xml; path = Info.plist; sourceTree = "<group>"; };
		DEFE0978269C9E6E00EAF59E /* FBUProjectUITests.xctest */ = {isa = PBXFileReference; explicitFileType = wrapper.cfbundle; includeInIndex = 0; path = FBUProjectUITests.xctest; sourceTree = BUILT_PRODUCTS_DIR; };
		DEFE097C269C9E6E00EAF59E /* FBUProjectUITests.m */ = {isa = PBXFileReference; lastKnownFileType = sourcecode.c.objc; path = FBUProjectUITests.m; sourceTree = "<group>"; };
		DEFE097E269C9E6E00EAF59E /* Info.plist */ = {isa = PBXFileReference; lastKnownFileType = text.plist.xml; path = Info.plist; sourceTree = "<group>"; };
/* End PBXFileReference section */

/* Begin PBXFrameworksBuildPhase section */
		DEFE094F269C9E6D00EAF59E /* Frameworks */ = {
			isa = PBXFrameworksBuildPhase;
			buildActionMask = 2147483647;
			files = (
				C7662F188BA509AD33C02595 /* Pods_FBUProject.framework in Frameworks */,
			);
			runOnlyForDeploymentPostprocessing = 0;
		};
		DEFE096A269C9E6E00EAF59E /* Frameworks */ = {
			isa = PBXFrameworksBuildPhase;
			buildActionMask = 2147483647;
			files = (
				AC83A820BAFB578E60CEAAF6 /* Pods_FBUProjectTests.framework in Frameworks */,
			);
			runOnlyForDeploymentPostprocessing = 0;
		};
		DEFE0975269C9E6E00EAF59E /* Frameworks */ = {
			isa = PBXFrameworksBuildPhase;
			buildActionMask = 2147483647;
			files = (
				202B5AEDE570DE48CCE26066 /* Pods_FBUProject_FBUProjectUITests.framework in Frameworks */,
			);
			runOnlyForDeploymentPostprocessing = 0;
		};
/* End PBXFrameworksBuildPhase section */

/* Begin PBXGroup section */
		3EAB090DC205347AF9B8F33E /* Frameworks */ = {
			isa = PBXGroup;
			children = (
				98B8AEAEA75278B4558BBFBF /* Pods_FBUProject.framework */,
				4AD6DE211F30CEC0DA7B4D8A /* Pods_FBUProject_FBUProjectUITests.framework */,
				52073665FB9FB534B73C2C89 /* Pods_FBUProjectTests.framework */,
			);
			name = Frameworks;
			sourceTree = "<group>";
		};
		6548A71BDA13FEF95FC03CBC /* Pods */ = {
			isa = PBXGroup;
			children = (
				C42742C4C834375D0A7DB798 /* Pods-FBUProject.debug.xcconfig */,
				3B3AD8E63651154F31AE510A /* Pods-FBUProject.release.xcconfig */,
				37DA328703B6BACC9389B348 /* Pods-FBUProject-FBUProjectUITests.debug.xcconfig */,
				01320B16858B4CF861C27FFB /* Pods-FBUProject-FBUProjectUITests.release.xcconfig */,
				C3DCEC82A85363DA5A9E0D9F /* Pods-FBUProjectTests.debug.xcconfig */,
				565A7A563585D010E2DBF090 /* Pods-FBUProjectTests.release.xcconfig */,
			);
			path = Pods;
			sourceTree = "<group>";
		};
		DEFAFA52269CD78F00BEC4BF /* View Controllers */ = {
			isa = PBXGroup;
			children = (
				DEFAFA53269CD7A900BEC4BF /* PrescriptionsViewController.h */,
				DEFAFA54269CD7A900BEC4BF /* PrescriptionsViewController.m */,
				DEFAFA56269CD7BD00BEC4BF /* ProfileViewController.h */,
				DEFAFA57269CD7BD00BEC4BF /* ProfileViewController.m */,
				DEFAFA59269CDA1600BEC4BF /* LoginViewController.h */,
				DEFAFA5A269CDA1600BEC4BF /* LoginViewController.m */,
				DECCBF97269F4DEC00C20B68 /* RemindersViewController.h */,
				DECCBF98269F4DEC00C20B68 /* RemindersViewController.m */,
				DE7FE021269F973F00B83F0F /* MapViewController.h */,
				DE7FE022269F973F00B83F0F /* MapViewController.m */,
				DE82EF6B26A208AA00587096 /* SignUpViewController.h */,
				DE82EF6C26A208AA00587096 /* SignUpViewController.m */,
				DE4B96A926A235EA006099A8 /* NewReminderViewController.h */,
				DE4B96AA26A235EA006099A8 /* NewReminderViewController.m */,
				DEDA790626A5EB9200A4F72B /* CheckoutViewController.h */,
				DEDA790726A5EB9200A4F72B /* CheckoutViewController.m */,
			);
			path = "View Controllers";
			sourceTree = "<group>";
		};
		DEFAFA5E269CE40300BEC4BF /* Views */ = {
			isa = PBXGroup;
			children = (
				DEFAFA60269CE42600BEC4BF /* PrescriptionCell.h */,
				DEFAFA61269CE42600BEC4BF /* PrescriptionCell.m */,
				DE6009D6269F7B3900CE21EA /* ReminderCell.h */,
				DE6009D7269F7B3900CE21EA /* ReminderCell.m */,
				DEDA790926A5EEA400A4F72B /* ShoppingCell.h */,
				DEDA790A26A5EEA400A4F72B /* ShoppingCell.m */,
			);
			path = Views;
			sourceTree = "<group>";
		};
		DEFAFA5F269CE40F00BEC4BF /* Models */ = {
			isa = PBXGroup;
			children = (
				DEFAFA63269CF30000BEC4BF /* Prescription.h */,
				DEFAFA64269CF30000BEC4BF /* Prescription.m */,
				DE6009D3269F778000CE21EA /* Reminder.h */,
				DE6009D4269F778000CE21EA /* Reminder.m */,
			);
			path = Models;
			sourceTree = "<group>";
		};
		DEFE0949269C9E6D00EAF59E = {
			isa = PBXGroup;
			children = (
				DEFE0954269C9E6D00EAF59E /* FBUProject */,
				DEFE0970269C9E6E00EAF59E /* FBUProjectTests */,
				DEFE097B269C9E6E00EAF59E /* FBUProjectUITests */,
				DEFE0953269C9E6D00EAF59E /* Products */,
				6548A71BDA13FEF95FC03CBC /* Pods */,
				3EAB090DC205347AF9B8F33E /* Frameworks */,
			);
			sourceTree = "<group>";
		};
		DEFE0953269C9E6D00EAF59E /* Products */ = {
			isa = PBXGroup;
			children = (
				DEFE0952269C9E6D00EAF59E /* FBUProject.app */,
				DEFE096D269C9E6E00EAF59E /* FBUProjectTests.xctest */,
				DEFE0978269C9E6E00EAF59E /* FBUProjectUITests.xctest */,
			);
			name = Products;
			sourceTree = "<group>";
		};
		DEFE0954269C9E6D00EAF59E /* FBUProject */ = {
			isa = PBXGroup;
			children = (
				DEFAFA5F269CE40F00BEC4BF /* Models */,
				DEFAFA5E269CE40300BEC4BF /* Views */,
				DEFAFA52269CD78F00BEC4BF /* View Controllers */,
				DEFE0955269C9E6D00EAF59E /* AppDelegate.h */,
				DEFE0956269C9E6D00EAF59E /* AppDelegate.m */,
				DEFE0958269C9E6D00EAF59E /* SceneDelegate.h */,
				DEFE0959269C9E6D00EAF59E /* SceneDelegate.m */,
				DE6009D0269F766200CE21EA /* ReminderNotificationManager.h */,
				DE6009D1269F766300CE21EA /* ReminderNotificationManager.m */,
				DEFE095E269C9E6D00EAF59E /* Main.storyboard */,
				DEFE0961269C9E6E00EAF59E /* Assets.xcassets */,
				DEFE0963269C9E6E00EAF59E /* LaunchScreen.storyboard */,
				DEFE0966269C9E6E00EAF59E /* Info.plist */,
				DEFE0967269C9E6E00EAF59E /* main.m */,
				DEFAFA5C269CDB4900BEC4BF /* Key.plist */,
			);
			path = FBUProject;
			sourceTree = "<group>";
		};
		DEFE0970269C9E6E00EAF59E /* FBUProjectTests */ = {
			isa = PBXGroup;
			children = (
				DEFE0971269C9E6E00EAF59E /* FBUProjectTests.m */,
				DEFE0973269C9E6E00EAF59E /* Info.plist */,
			);
			path = FBUProjectTests;
			sourceTree = "<group>";
		};
		DEFE097B269C9E6E00EAF59E /* FBUProjectUITests */ = {
			isa = PBXGroup;
			children = (
				DEFE097C269C9E6E00EAF59E /* FBUProjectUITests.m */,
				DEFE097E269C9E6E00EAF59E /* Info.plist */,
			);
			path = FBUProjectUITests;
			sourceTree = "<group>";
		};
/* End PBXGroup section */

/* Begin PBXNativeTarget section */
		DEFE0951269C9E6D00EAF59E /* FBUProject */ = {
			isa = PBXNativeTarget;
			buildConfigurationList = DEFE0981269C9E6E00EAF59E /* Build configuration list for PBXNativeTarget "FBUProject" */;
			buildPhases = (
				9DB09A0A54B081E0967900B9 /* [CP] Check Pods Manifest.lock */,
				DEFE094E269C9E6D00EAF59E /* Sources */,
				DEFE094F269C9E6D00EAF59E /* Frameworks */,
				DEFE0950269C9E6D00EAF59E /* Resources */,
				96864540BEEF58F636C696ED /* [CP] Embed Pods Frameworks */,
			);
			buildRules = (
			);
			dependencies = (
			);
			name = FBUProject;
			productName = FBUProject;
			productReference = DEFE0952269C9E6D00EAF59E /* FBUProject.app */;
			productType = "com.apple.product-type.application";
		};
		DEFE096C269C9E6E00EAF59E /* FBUProjectTests */ = {
			isa = PBXNativeTarget;
			buildConfigurationList = DEFE0984269C9E6E00EAF59E /* Build configuration list for PBXNativeTarget "FBUProjectTests" */;
			buildPhases = (
				3A3D543934ED8F276547B9D7 /* [CP] Check Pods Manifest.lock */,
				DEFE0969269C9E6E00EAF59E /* Sources */,
				DEFE096A269C9E6E00EAF59E /* Frameworks */,
				DEFE096B269C9E6E00EAF59E /* Resources */,
			);
			buildRules = (
			);
			dependencies = (
				DEFE096F269C9E6E00EAF59E /* PBXTargetDependency */,
			);
			name = FBUProjectTests;
			productName = FBUProjectTests;
			productReference = DEFE096D269C9E6E00EAF59E /* FBUProjectTests.xctest */;
			productType = "com.apple.product-type.bundle.unit-test";
		};
		DEFE0977269C9E6E00EAF59E /* FBUProjectUITests */ = {
			isa = PBXNativeTarget;
			buildConfigurationList = DEFE0987269C9E6E00EAF59E /* Build configuration list for PBXNativeTarget "FBUProjectUITests" */;
			buildPhases = (
				2499DBCBDC8334D42E4FC474 /* [CP] Check Pods Manifest.lock */,
				DEFE0974269C9E6E00EAF59E /* Sources */,
				DEFE0975269C9E6E00EAF59E /* Frameworks */,
				DEFE0976269C9E6E00EAF59E /* Resources */,
				16BC06D109CCD5F3A64CD2D5 /* [CP] Embed Pods Frameworks */,
			);
			buildRules = (
			);
			dependencies = (
				DEFE097A269C9E6E00EAF59E /* PBXTargetDependency */,
			);
			name = FBUProjectUITests;
			productName = FBUProjectUITests;
			productReference = DEFE0978269C9E6E00EAF59E /* FBUProjectUITests.xctest */;
			productType = "com.apple.product-type.bundle.ui-testing";
		};
/* End PBXNativeTarget section */

/* Begin PBXProject section */
		DEFE094A269C9E6D00EAF59E /* Project object */ = {
			isa = PBXProject;
			attributes = {
				LastUpgradeCheck = 1250;
				TargetAttributes = {
					DEFE0951269C9E6D00EAF59E = {
						CreatedOnToolsVersion = 12.5.1;
					};
					DEFE096C269C9E6E00EAF59E = {
						CreatedOnToolsVersion = 12.5.1;
						TestTargetID = DEFE0951269C9E6D00EAF59E;
					};
					DEFE0977269C9E6E00EAF59E = {
						CreatedOnToolsVersion = 12.5.1;
						TestTargetID = DEFE0951269C9E6D00EAF59E;
					};
				};
			};
			buildConfigurationList = DEFE094D269C9E6D00EAF59E /* Build configuration list for PBXProject "FBUProject" */;
			compatibilityVersion = "Xcode 9.3";
			developmentRegion = en;
			hasScannedForEncodings = 0;
			knownRegions = (
				en,
				Base,
			);
			mainGroup = DEFE0949269C9E6D00EAF59E;
			productRefGroup = DEFE0953269C9E6D00EAF59E /* Products */;
			projectDirPath = "";
			projectRoot = "";
			targets = (
				DEFE0951269C9E6D00EAF59E /* FBUProject */,
				DEFE096C269C9E6E00EAF59E /* FBUProjectTests */,
				DEFE0977269C9E6E00EAF59E /* FBUProjectUITests */,
			);
		};
/* End PBXProject section */

/* Begin PBXResourcesBuildPhase section */
		DEFE0950269C9E6D00EAF59E /* Resources */ = {
			isa = PBXResourcesBuildPhase;
			buildActionMask = 2147483647;
			files = (
				DEFAFA5D269CDB4900BEC4BF /* Key.plist in Resources */,
				DEFE0965269C9E6E00EAF59E /* LaunchScreen.storyboard in Resources */,
				DEFE0962269C9E6E00EAF59E /* Assets.xcassets in Resources */,
				DEFE0960269C9E6D00EAF59E /* Main.storyboard in Resources */,
			);
			runOnlyForDeploymentPostprocessing = 0;
		};
		DEFE096B269C9E6E00EAF59E /* Resources */ = {
			isa = PBXResourcesBuildPhase;
			buildActionMask = 2147483647;
			files = (
			);
			runOnlyForDeploymentPostprocessing = 0;
		};
		DEFE0976269C9E6E00EAF59E /* Resources */ = {
			isa = PBXResourcesBuildPhase;
			buildActionMask = 2147483647;
			files = (
			);
			runOnlyForDeploymentPostprocessing = 0;
		};
/* End PBXResourcesBuildPhase section */

/* Begin PBXShellScriptBuildPhase section */
		16BC06D109CCD5F3A64CD2D5 /* [CP] Embed Pods Frameworks */ = {
			isa = PBXShellScriptBuildPhase;
			buildActionMask = 2147483647;
			files = (
			);
			inputFileListPaths = (
				"${PODS_ROOT}/Target Support Files/Pods-FBUProject-FBUProjectUITests/Pods-FBUProject-FBUProjectUITests-frameworks-${CONFIGURATION}-input-files.xcfilelist",
			);
			name = "[CP] Embed Pods Frameworks";
			outputFileListPaths = (
				"${PODS_ROOT}/Target Support Files/Pods-FBUProject-FBUProjectUITests/Pods-FBUProject-FBUProjectUITests-frameworks-${CONFIGURATION}-output-files.xcfilelist",
			);
			runOnlyForDeploymentPostprocessing = 0;
			shellPath = /bin/sh;
			shellScript = "\"${PODS_ROOT}/Target Support Files/Pods-FBUProject-FBUProjectUITests/Pods-FBUProject-FBUProjectUITests-frameworks.sh\"\n";
			showEnvVarsInLog = 0;
		};
		2499DBCBDC8334D42E4FC474 /* [CP] Check Pods Manifest.lock */ = {
			isa = PBXShellScriptBuildPhase;
			buildActionMask = 2147483647;
			files = (
			);
			inputFileListPaths = (
			);
			inputPaths = (
				"${PODS_PODFILE_DIR_PATH}/Podfile.lock",
				"${PODS_ROOT}/Manifest.lock",
			);
			name = "[CP] Check Pods Manifest.lock";
			outputFileListPaths = (
			);
			outputPaths = (
				"$(DERIVED_FILE_DIR)/Pods-FBUProject-FBUProjectUITests-checkManifestLockResult.txt",
			);
			runOnlyForDeploymentPostprocessing = 0;
			shellPath = /bin/sh;
			shellScript = "diff \"${PODS_PODFILE_DIR_PATH}/Podfile.lock\" \"${PODS_ROOT}/Manifest.lock\" > /dev/null\nif [ $? != 0 ] ; then\n    # print error to STDERR\n    echo \"error: The sandbox is not in sync with the Podfile.lock. Run 'pod install' or update your CocoaPods installation.\" >&2\n    exit 1\nfi\n# This output is used by Xcode 'outputs' to avoid re-running this script phase.\necho \"SUCCESS\" > \"${SCRIPT_OUTPUT_FILE_0}\"\n";
			showEnvVarsInLog = 0;
		};
		3A3D543934ED8F276547B9D7 /* [CP] Check Pods Manifest.lock */ = {
			isa = PBXShellScriptBuildPhase;
			buildActionMask = 2147483647;
			files = (
			);
			inputFileListPaths = (
			);
			inputPaths = (
				"${PODS_PODFILE_DIR_PATH}/Podfile.lock",
				"${PODS_ROOT}/Manifest.lock",
			);
			name = "[CP] Check Pods Manifest.lock";
			outputFileListPaths = (
			);
			outputPaths = (
				"$(DERIVED_FILE_DIR)/Pods-FBUProjectTests-checkManifestLockResult.txt",
			);
			runOnlyForDeploymentPostprocessing = 0;
			shellPath = /bin/sh;
			shellScript = "diff \"${PODS_PODFILE_DIR_PATH}/Podfile.lock\" \"${PODS_ROOT}/Manifest.lock\" > /dev/null\nif [ $? != 0 ] ; then\n    # print error to STDERR\n    echo \"error: The sandbox is not in sync with the Podfile.lock. Run 'pod install' or update your CocoaPods installation.\" >&2\n    exit 1\nfi\n# This output is used by Xcode 'outputs' to avoid re-running this script phase.\necho \"SUCCESS\" > \"${SCRIPT_OUTPUT_FILE_0}\"\n";
			showEnvVarsInLog = 0;
		};
		96864540BEEF58F636C696ED /* [CP] Embed Pods Frameworks */ = {
			isa = PBXShellScriptBuildPhase;
			buildActionMask = 2147483647;
			files = (
			);
			inputFileListPaths = (
				"${PODS_ROOT}/Target Support Files/Pods-FBUProject/Pods-FBUProject-frameworks-${CONFIGURATION}-input-files.xcfilelist",
			);
			name = "[CP] Embed Pods Frameworks";
			outputFileListPaths = (
				"${PODS_ROOT}/Target Support Files/Pods-FBUProject/Pods-FBUProject-frameworks-${CONFIGURATION}-output-files.xcfilelist",
			);
			runOnlyForDeploymentPostprocessing = 0;
			shellPath = /bin/sh;
			shellScript = "\"${PODS_ROOT}/Target Support Files/Pods-FBUProject/Pods-FBUProject-frameworks.sh\"\n";
			showEnvVarsInLog = 0;
		};
		9DB09A0A54B081E0967900B9 /* [CP] Check Pods Manifest.lock */ = {
			isa = PBXShellScriptBuildPhase;
			buildActionMask = 2147483647;
			files = (
			);
			inputFileListPaths = (
			);
			inputPaths = (
				"${PODS_PODFILE_DIR_PATH}/Podfile.lock",
				"${PODS_ROOT}/Manifest.lock",
			);
			name = "[CP] Check Pods Manifest.lock";
			outputFileListPaths = (
			);
			outputPaths = (
				"$(DERIVED_FILE_DIR)/Pods-FBUProject-checkManifestLockResult.txt",
			);
			runOnlyForDeploymentPostprocessing = 0;
			shellPath = /bin/sh;
			shellScript = "diff \"${PODS_PODFILE_DIR_PATH}/Podfile.lock\" \"${PODS_ROOT}/Manifest.lock\" > /dev/null\nif [ $? != 0 ] ; then\n    # print error to STDERR\n    echo \"error: The sandbox is not in sync with the Podfile.lock. Run 'pod install' or update your CocoaPods installation.\" >&2\n    exit 1\nfi\n# This output is used by Xcode 'outputs' to avoid re-running this script phase.\necho \"SUCCESS\" > \"${SCRIPT_OUTPUT_FILE_0}\"\n";
			showEnvVarsInLog = 0;
		};
/* End PBXShellScriptBuildPhase section */

/* Begin PBXSourcesBuildPhase section */
		DEFE094E269C9E6D00EAF59E /* Sources */ = {
			isa = PBXSourcesBuildPhase;
			buildActionMask = 2147483647;
			files = (
				DE6009D5269F778000CE21EA /* Reminder.m in Sources */,
				DEFAFA62269CE42600BEC4BF /* PrescriptionCell.m in Sources */,
				DEFAFA55269CD7A900BEC4BF /* PrescriptionsViewController.m in Sources */,
				DEFE0957269C9E6D00EAF59E /* AppDelegate.m in Sources */,
				DECCBF99269F4DEC00C20B68 /* RemindersViewController.m in Sources */,
				DE6009D2269F766300CE21EA /* ReminderNotificationManager.m in Sources */,
				DEFAFA65269CF30000BEC4BF /* Prescription.m in Sources */,
				DE7FE023269F973F00B83F0F /* MapViewController.m in Sources */,
				DEDA790B26A5EEA400A4F72B /* ShoppingCell.m in Sources */,
				DEDA790826A5EB9200A4F72B /* CheckoutViewController.m in Sources */,
				DEFAFA5B269CDA1600BEC4BF /* LoginViewController.m in Sources */,
				DEFE0968269C9E6E00EAF59E /* main.m in Sources */,
				DEFE095A269C9E6D00EAF59E /* SceneDelegate.m in Sources */,
				DEFAFA58269CD7BD00BEC4BF /* ProfileViewController.m in Sources */,
				DE4B96AB26A235EA006099A8 /* NewReminderViewController.m in Sources */,
				DE82EF6D26A208AA00587096 /* SignUpViewController.m in Sources */,
				DE6009D8269F7B3900CE21EA /* ReminderCell.m in Sources */,
			);
			runOnlyForDeploymentPostprocessing = 0;
		};
		DEFE0969269C9E6E00EAF59E /* Sources */ = {
			isa = PBXSourcesBuildPhase;
			buildActionMask = 2147483647;
			files = (
				DEFE0972269C9E6E00EAF59E /* FBUProjectTests.m in Sources */,
			);
			runOnlyForDeploymentPostprocessing = 0;
		};
		DEFE0974269C9E6E00EAF59E /* Sources */ = {
			isa = PBXSourcesBuildPhase;
			buildActionMask = 2147483647;
			files = (
				DEFE097D269C9E6E00EAF59E /* FBUProjectUITests.m in Sources */,
			);
			runOnlyForDeploymentPostprocessing = 0;
		};
/* End PBXSourcesBuildPhase section */

/* Begin PBXTargetDependency section */
		DEFE096F269C9E6E00EAF59E /* PBXTargetDependency */ = {
			isa = PBXTargetDependency;
			target = DEFE0951269C9E6D00EAF59E /* FBUProject */;
			targetProxy = DEFE096E269C9E6E00EAF59E /* PBXContainerItemProxy */;
		};
		DEFE097A269C9E6E00EAF59E /* PBXTargetDependency */ = {
			isa = PBXTargetDependency;
			target = DEFE0951269C9E6D00EAF59E /* FBUProject */;
			targetProxy = DEFE0979269C9E6E00EAF59E /* PBXContainerItemProxy */;
		};
/* End PBXTargetDependency section */

/* Begin PBXVariantGroup section */
		DEFE095E269C9E6D00EAF59E /* Main.storyboard */ = {
			isa = PBXVariantGroup;
			children = (
				DEFE095F269C9E6D00EAF59E /* Base */,
			);
			name = Main.storyboard;
			sourceTree = "<group>";
		};
		DEFE0963269C9E6E00EAF59E /* LaunchScreen.storyboard */ = {
			isa = PBXVariantGroup;
			children = (
				DEFE0964269C9E6E00EAF59E /* Base */,
			);
			name = LaunchScreen.storyboard;
			sourceTree = "<group>";
		};
/* End PBXVariantGroup section */

/* Begin XCBuildConfiguration section */
		DEFE097F269C9E6E00EAF59E /* Debug */ = {
			isa = XCBuildConfiguration;
			buildSettings = {
				ALWAYS_SEARCH_USER_PATHS = NO;
				CLANG_ANALYZER_NONNULL = YES;
				CLANG_ANALYZER_NUMBER_OBJECT_CONVERSION = YES_AGGRESSIVE;
				CLANG_CXX_LANGUAGE_STANDARD = "gnu++14";
				CLANG_CXX_LIBRARY = "libc++";
				CLANG_ENABLE_MODULES = YES;
				CLANG_ENABLE_OBJC_ARC = YES;
				CLANG_ENABLE_OBJC_WEAK = YES;
				CLANG_WARN_BLOCK_CAPTURE_AUTORELEASING = YES;
				CLANG_WARN_BOOL_CONVERSION = YES;
				CLANG_WARN_COMMA = YES;
				CLANG_WARN_CONSTANT_CONVERSION = YES;
				CLANG_WARN_DEPRECATED_OBJC_IMPLEMENTATIONS = YES;
				CLANG_WARN_DIRECT_OBJC_ISA_USAGE = YES_ERROR;
				CLANG_WARN_DOCUMENTATION_COMMENTS = YES;
				CLANG_WARN_EMPTY_BODY = YES;
				CLANG_WARN_ENUM_CONVERSION = YES;
				CLANG_WARN_INFINITE_RECURSION = YES;
				CLANG_WARN_INT_CONVERSION = YES;
				CLANG_WARN_NON_LITERAL_NULL_CONVERSION = YES;
				CLANG_WARN_OBJC_IMPLICIT_RETAIN_SELF = YES;
				CLANG_WARN_OBJC_LITERAL_CONVERSION = YES;
				CLANG_WARN_OBJC_ROOT_CLASS = YES_ERROR;
				CLANG_WARN_QUOTED_INCLUDE_IN_FRAMEWORK_HEADER = YES;
				CLANG_WARN_RANGE_LOOP_ANALYSIS = YES;
				CLANG_WARN_STRICT_PROTOTYPES = YES;
				CLANG_WARN_SUSPICIOUS_MOVE = YES;
				CLANG_WARN_UNGUARDED_AVAILABILITY = YES_AGGRESSIVE;
				CLANG_WARN_UNREACHABLE_CODE = YES;
				CLANG_WARN__DUPLICATE_METHOD_MATCH = YES;
				COPY_PHASE_STRIP = NO;
				DEBUG_INFORMATION_FORMAT = dwarf;
				ENABLE_STRICT_OBJC_MSGSEND = YES;
				ENABLE_TESTABILITY = YES;
				GCC_C_LANGUAGE_STANDARD = gnu11;
				GCC_DYNAMIC_NO_PIC = NO;
				GCC_NO_COMMON_BLOCKS = YES;
				GCC_OPTIMIZATION_LEVEL = 0;
				GCC_PREPROCESSOR_DEFINITIONS = (
					"DEBUG=1",
					"$(inherited)",
				);
				GCC_WARN_64_TO_32_BIT_CONVERSION = YES;
				GCC_WARN_ABOUT_RETURN_TYPE = YES_ERROR;
				GCC_WARN_UNDECLARED_SELECTOR = YES;
				GCC_WARN_UNINITIALIZED_AUTOS = YES_AGGRESSIVE;
				GCC_WARN_UNUSED_FUNCTION = YES;
				GCC_WARN_UNUSED_VARIABLE = YES;
				IPHONEOS_DEPLOYMENT_TARGET = 14.5;
				MTL_ENABLE_DEBUG_INFO = INCLUDE_SOURCE;
				MTL_FAST_MATH = YES;
				ONLY_ACTIVE_ARCH = YES;
				SDKROOT = iphoneos;
			};
			name = Debug;
		};
		DEFE0980269C9E6E00EAF59E /* Release */ = {
			isa = XCBuildConfiguration;
			buildSettings = {
				ALWAYS_SEARCH_USER_PATHS = NO;
				CLANG_ANALYZER_NONNULL = YES;
				CLANG_ANALYZER_NUMBER_OBJECT_CONVERSION = YES_AGGRESSIVE;
				CLANG_CXX_LANGUAGE_STANDARD = "gnu++14";
				CLANG_CXX_LIBRARY = "libc++";
				CLANG_ENABLE_MODULES = YES;
				CLANG_ENABLE_OBJC_ARC = YES;
				CLANG_ENABLE_OBJC_WEAK = YES;
				CLANG_WARN_BLOCK_CAPTURE_AUTORELEASING = YES;
				CLANG_WARN_BOOL_CONVERSION = YES;
				CLANG_WARN_COMMA = YES;
				CLANG_WARN_CONSTANT_CONVERSION = YES;
				CLANG_WARN_DEPRECATED_OBJC_IMPLEMENTATIONS = YES;
				CLANG_WARN_DIRECT_OBJC_ISA_USAGE = YES_ERROR;
				CLANG_WARN_DOCUMENTATION_COMMENTS = YES;
				CLANG_WARN_EMPTY_BODY = YES;
				CLANG_WARN_ENUM_CONVERSION = YES;
				CLANG_WARN_INFINITE_RECURSION = YES;
				CLANG_WARN_INT_CONVERSION = YES;
				CLANG_WARN_NON_LITERAL_NULL_CONVERSION = YES;
				CLANG_WARN_OBJC_IMPLICIT_RETAIN_SELF = YES;
				CLANG_WARN_OBJC_LITERAL_CONVERSION = YES;
				CLANG_WARN_OBJC_ROOT_CLASS = YES_ERROR;
				CLANG_WARN_QUOTED_INCLUDE_IN_FRAMEWORK_HEADER = YES;
				CLANG_WARN_RANGE_LOOP_ANALYSIS = YES;
				CLANG_WARN_STRICT_PROTOTYPES = YES;
				CLANG_WARN_SUSPICIOUS_MOVE = YES;
				CLANG_WARN_UNGUARDED_AVAILABILITY = YES_AGGRESSIVE;
				CLANG_WARN_UNREACHABLE_CODE = YES;
				CLANG_WARN__DUPLICATE_METHOD_MATCH = YES;
				COPY_PHASE_STRIP = NO;
				DEBUG_INFORMATION_FORMAT = "dwarf-with-dsym";
				ENABLE_NS_ASSERTIONS = NO;
				ENABLE_STRICT_OBJC_MSGSEND = YES;
				GCC_C_LANGUAGE_STANDARD = gnu11;
				GCC_NO_COMMON_BLOCKS = YES;
				GCC_WARN_64_TO_32_BIT_CONVERSION = YES;
				GCC_WARN_ABOUT_RETURN_TYPE = YES_ERROR;
				GCC_WARN_UNDECLARED_SELECTOR = YES;
				GCC_WARN_UNINITIALIZED_AUTOS = YES_AGGRESSIVE;
				GCC_WARN_UNUSED_FUNCTION = YES;
				GCC_WARN_UNUSED_VARIABLE = YES;
				IPHONEOS_DEPLOYMENT_TARGET = 14.5;
				MTL_ENABLE_DEBUG_INFO = NO;
				MTL_FAST_MATH = YES;
				SDKROOT = iphoneos;
				VALIDATE_PRODUCT = YES;
			};
			name = Release;
		};
		DEFE0982269C9E6E00EAF59E /* Debug */ = {
			isa = XCBuildConfiguration;
			baseConfigurationReference = C42742C4C834375D0A7DB798 /* Pods-FBUProject.debug.xcconfig */;
			buildSettings = {
				ASSETCATALOG_COMPILER_APPICON_NAME = AppIcon;
				ASSETCATALOG_COMPILER_GLOBAL_ACCENT_COLOR_NAME = AccentColor;
				CODE_SIGN_STYLE = Automatic;
				DEVELOPMENT_TEAM = 7Y7LJ9KM6D;
				INFOPLIST_FILE = FBUProject/Info.plist;
				LD_RUNPATH_SEARCH_PATHS = (
					"$(inherited)",
					"@executable_path/Frameworks",
				);
				PRODUCT_BUNDLE_IDENTIFIER = com.codepath.FBUProject;
				PRODUCT_NAME = "$(TARGET_NAME)";
				TARGETED_DEVICE_FAMILY = "1,2";
			};
			name = Debug;
		};
		DEFE0983269C9E6E00EAF59E /* Release */ = {
			isa = XCBuildConfiguration;
			baseConfigurationReference = 3B3AD8E63651154F31AE510A /* Pods-FBUProject.release.xcconfig */;
			buildSettings = {
				ASSETCATALOG_COMPILER_APPICON_NAME = AppIcon;
				ASSETCATALOG_COMPILER_GLOBAL_ACCENT_COLOR_NAME = AccentColor;
				CODE_SIGN_STYLE = Automatic;
				DEVELOPMENT_TEAM = 7Y7LJ9KM6D;
				INFOPLIST_FILE = FBUProject/Info.plist;
				LD_RUNPATH_SEARCH_PATHS = (
					"$(inherited)",
					"@executable_path/Frameworks",
				);
				PRODUCT_BUNDLE_IDENTIFIER = com.codepath.FBUProject;
				PRODUCT_NAME = "$(TARGET_NAME)";
				TARGETED_DEVICE_FAMILY = "1,2";
			};
			name = Release;
		};
		DEFE0985269C9E6E00EAF59E /* Debug */ = {
			isa = XCBuildConfiguration;
			baseConfigurationReference = C3DCEC82A85363DA5A9E0D9F /* Pods-FBUProjectTests.debug.xcconfig */;
			buildSettings = {
				BUNDLE_LOADER = "$(TEST_HOST)";
				CODE_SIGN_STYLE = Automatic;
				DEVELOPMENT_TEAM = 7Y7LJ9KM6D;
				INFOPLIST_FILE = FBUProjectTests/Info.plist;
				IPHONEOS_DEPLOYMENT_TARGET = 14.5;
				LD_RUNPATH_SEARCH_PATHS = (
					"$(inherited)",
					"@executable_path/Frameworks",
					"@loader_path/Frameworks",
				);
				PRODUCT_BUNDLE_IDENTIFIER = com.codepath.FBUProjectTests;
				PRODUCT_NAME = "$(TARGET_NAME)";
				TARGETED_DEVICE_FAMILY = "1,2";
				TEST_HOST = "$(BUILT_PRODUCTS_DIR)/FBUProject.app/FBUProject";
			};
			name = Debug;
		};
		DEFE0986269C9E6E00EAF59E /* Release */ = {
			isa = XCBuildConfiguration;
			baseConfigurationReference = 565A7A563585D010E2DBF090 /* Pods-FBUProjectTests.release.xcconfig */;
			buildSettings = {
				BUNDLE_LOADER = "$(TEST_HOST)";
				CODE_SIGN_STYLE = Automatic;
				DEVELOPMENT_TEAM = 7Y7LJ9KM6D;
				INFOPLIST_FILE = FBUProjectTests/Info.plist;
				IPHONEOS_DEPLOYMENT_TARGET = 14.5;
				LD_RUNPATH_SEARCH_PATHS = (
					"$(inherited)",
					"@executable_path/Frameworks",
					"@loader_path/Frameworks",
				);
				PRODUCT_BUNDLE_IDENTIFIER = com.codepath.FBUProjectTests;
				PRODUCT_NAME = "$(TARGET_NAME)";
				TARGETED_DEVICE_FAMILY = "1,2";
				TEST_HOST = "$(BUILT_PRODUCTS_DIR)/FBUProject.app/FBUProject";
			};
			name = Release;
		};
		DEFE0988269C9E6E00EAF59E /* Debug */ = {
			isa = XCBuildConfiguration;
			baseConfigurationReference = 37DA328703B6BACC9389B348 /* Pods-FBUProject-FBUProjectUITests.debug.xcconfig */;
			buildSettings = {
				CODE_SIGN_STYLE = Automatic;
				DEVELOPMENT_TEAM = 7Y7LJ9KM6D;
				INFOPLIST_FILE = FBUProjectUITests/Info.plist;
				LD_RUNPATH_SEARCH_PATHS = (
					"$(inherited)",
					"@executable_path/Frameworks",
					"@loader_path/Frameworks",
				);
				PRODUCT_BUNDLE_IDENTIFIER = com.codepath.FBUProjectUITests;
				PRODUCT_NAME = "$(TARGET_NAME)";
				TARGETED_DEVICE_FAMILY = "1,2";
				TEST_TARGET_NAME = FBUProject;
			};
			name = Debug;
		};
		DEFE0989269C9E6E00EAF59E /* Release */ = {
			isa = XCBuildConfiguration;
			baseConfigurationReference = 01320B16858B4CF861C27FFB /* Pods-FBUProject-FBUProjectUITests.release.xcconfig */;
			buildSettings = {
				CODE_SIGN_STYLE = Automatic;
				DEVELOPMENT_TEAM = 7Y7LJ9KM6D;
				INFOPLIST_FILE = FBUProjectUITests/Info.plist;
				LD_RUNPATH_SEARCH_PATHS = (
					"$(inherited)",
					"@executable_path/Frameworks",
					"@loader_path/Frameworks",
				);
				PRODUCT_BUNDLE_IDENTIFIER = com.codepath.FBUProjectUITests;
				PRODUCT_NAME = "$(TARGET_NAME)";
				TARGETED_DEVICE_FAMILY = "1,2";
				TEST_TARGET_NAME = FBUProject;
			};
			name = Release;
		};
/* End XCBuildConfiguration section */

/* Begin XCConfigurationList section */
		DEFE094D269C9E6D00EAF59E /* Build configuration list for PBXProject "FBUProject" */ = {
			isa = XCConfigurationList;
			buildConfigurations = (
				DEFE097F269C9E6E00EAF59E /* Debug */,
				DEFE0980269C9E6E00EAF59E /* Release */,
			);
			defaultConfigurationIsVisible = 0;
			defaultConfigurationName = Release;
		};
		DEFE0981269C9E6E00EAF59E /* Build configuration list for PBXNativeTarget "FBUProject" */ = {
			isa = XCConfigurationList;
			buildConfigurations = (
				DEFE0982269C9E6E00EAF59E /* Debug */,
				DEFE0983269C9E6E00EAF59E /* Release */,
			);
			defaultConfigurationIsVisible = 0;
			defaultConfigurationName = Release;
		};
		DEFE0984269C9E6E00EAF59E /* Build configuration list for PBXNativeTarget "FBUProjectTests" */ = {
			isa = XCConfigurationList;
			buildConfigurations = (
				DEFE0985269C9E6E00EAF59E /* Debug */,
				DEFE0986269C9E6E00EAF59E /* Release */,
			);
			defaultConfigurationIsVisible = 0;
			defaultConfigurationName = Release;
		};
		DEFE0987269C9E6E00EAF59E /* Build configuration list for PBXNativeTarget "FBUProjectUITests" */ = {
			isa = XCConfigurationList;
			buildConfigurations = (
				DEFE0988269C9E6E00EAF59E /* Debug */,
				DEFE0989269C9E6E00EAF59E /* Release */,
			);
			defaultConfigurationIsVisible = 0;
			defaultConfigurationName = Release;
		};
/* End XCConfigurationList section */
	};
	rootObject = DEFE094A269C9E6D00EAF59E /* Project object */;
}
